
Microsoft Visual Studio Solution File, Format Version 12.00
# Visual Studio Version 16
VisualStudioVersion = 16.0.33529.622
MinimumVisualStudioVersion = 10.0.40219.1
Project("{888888A0-9F3D-457C-B088-3A5042F75D52}") = "SReTT", "SReTT.pyproj", "{2B703C56-3FBA-4C8E-9F90-C6C03ECD7663}"
EndProject
Global
	GlobalSection(SolutionConfigurationPlatforms) = preSolution
		Debug|Any CPU = Debug|Any CPU
		Release|Any CPU = Release|Any CPU
	EndGlobalSection
	GlobalSection(ProjectConfigurationPlatforms) = postSolution
		{2B703C56-3FBA-4C8E-9F90-C6C03ECD7663}.Debug|Any CPU.ActiveCfg = Debug|Any CPU
		{2B703C56-3FBA-4C8E-9F90-C6C03ECD7663}.Release|Any CPU.ActiveCfg = Release|Any CPU
	EndGlobalSection
	GlobalSection(SolutionProperties) = preSolution
		HideSolutionNode = FALSE
	EndGlobalSection
	GlobalSection(ExtensibilityGlobals) = postSolution
		SolutionGuid = {4DBBBD84-52DA-406E-AEBA-AD5FDB1DA7C3}
	EndGlobalSection
EndGlobal
